// !$*UTF8*$!
{
	archiveVersion = 1;
	classes = {
	};
	objectVersion = 48;
	objects = {

/* Begin PBXBuildFile section */
		80E764F4204CF4870072FFE3 /* RCTCustomDatePickerIOS.m in Sources */ = {isa = PBXBuildFile; fileRef = 80E764F3204CF4870072FFE3 /* RCTCustomDatePickerIOS.m */; };
		80E764F5204CF4870072FFE3 /* RCTCustomDatePickerIOS.h in CopyFiles */ = {isa = PBXBuildFile; fileRef = 80E764F2204CF4870072FFE3 /* RCTCustomDatePickerIOS.h */; };
		80E7657E204D1CA30072FFE3 /* CustomDatePicker.m in Sources */ = {isa = PBXBuildFile; fileRef = 80E7657A204D1CA20072FFE3 /* CustomDatePicker.m */; };
/* End PBXBuildFile section */

/* Begin PBXCopyFilesBuildPhase section */
		80E764ED204CF4870072FFE3 /* CopyFiles */ = {
			isa = PBXCopyFilesBuildPhase;
			buildActionMask = 2147483647;
			dstPath = "include/$(PRODUCT_NAME)";
			dstSubfolderSpec = 16;
			files = (
				80E764F5204CF4870072FFE3 /* RCTCustomDatePickerIOS.h in CopyFiles */,
			);
			runOnlyForDeploymentPostprocessing = 0;
		};
/* End PBXCopyFilesBuildPhase section */

/* Begin PBXFileReference section */
		80E764EF204CF4870072FFE3 /* libRCTCustomDatePickerIOS.a */ = {isa = PBXFileReference; explicitFileType = archive.ar; includeInIndex = 0; path = libRCTCustomDatePickerIOS.a; sourceTree = BUILT_PRODUCTS_DIR; };
		80E764F2204CF4870072FFE3 /* RCTCustomDatePickerIOS.h */ = {isa = PBXFileReference; lastKnownFileType = sourcecode.c.h; path = RCTCustomDatePickerIOS.h; sourceTree = "<group>"; };
		80E764F3204CF4870072FFE3 /* RCTCustomDatePickerIOS.m */ = {isa = PBXFileReference; lastKnownFileType = sourcecode.c.objc; path = RCTCustomDatePickerIOS.m; sourceTree = "<group>"; };
		80E7657A204D1CA20072FFE3 /* CustomDatePicker.m */ = {isa = PBXFileReference; fileEncoding = 4; lastKnownFileType = sourcecode.c.objc; path = CustomDatePicker.m; sourceTree = "<group>"; };
		80E7657D204D1CA30072FFE3 /* CustomDatePicker.h */ = {isa = PBXFileReference; fileEncoding = 4; lastKnownFileType = sourcecode.c.h; path = CustomDatePicker.h; sourceTree = "<group>"; };
/* End PBXFileReference section */

/* Begin PBXFrameworksBuildPhase section */
		80E764EC204CF4870072FFE3 /* Frameworks */ = {
			isa = PBXFrameworksBuildPhase;
			buildActionMask = 2147483647;
			files = (
			);
			runOnlyForDeploymentPostprocessing = 0;
		};
/* End PBXFrameworksBuildPhase section */

/* Begin PBXGroup section */
		80E764E6204CF4870072FFE3 = {
			isa = PBXGroup;
			children = (
				80E764F1204CF4870072FFE3 /* RCTCustomDatePickerIOS */,
				80E764F0204CF4870072FFE3 /* Products */,
				80E76509204CF89B0072FFE3 /* Frameworks */,
			);
			sourceTree = "<group>";
		};
		80E764F0204CF4870072FFE3 /* Products */ = {
			isa = PBXGroup;
			children = (
				80E764EF204CF4870072FFE3 /* libRCTCustomDatePickerIOS.a */,
			);
			name = Products;
			sourceTree = "<group>";
		};
		80E764F1204CF4870072FFE3 /* RCTCustomDatePickerIOS */ = {
			isa = PBXGroup;
			children = (
				80E764F2204CF4870072FFE3 /* RCTCustomDatePickerIOS.h */,
				80E764F3204CF4870072FFE3 /* RCTCustomDatePickerIOS.m */,
				80E7657D204D1CA30072FFE3 /* CustomDatePicker.h */,
				80E7657A204D1CA20072FFE3 /* CustomDatePicker.m */,
			);
			path = RCTCustomDatePickerIOS;
			sourceTree = "<group>";
		};
		80E76509204CF89B0072FFE3 /* Frameworks */ = {
			isa = PBXGroup;
			children = (
			);
			name = Frameworks;
			sourceTree = "<group>";
		};
/* End PBXGroup section */

/* Begin PBXNativeTarget section */
		80E764EE204CF4870072FFE3 /* RCTCustomDatePickerIOS */ = {
			isa = PBXNativeTarget;
			buildConfigurationList = 80E764F8204CF4870072FFE3 /* Build configuration list for PBXNativeTarget "RCTCustomDatePickerIOS" */;
			buildPhases = (
				80E764EB204CF4870072FFE3 /* Sources */,
				80E764EC204CF4870072FFE3 /* Frameworks */,
				80E764ED204CF4870072FFE3 /* CopyFiles */,
			);
			buildRules = (
			);
			dependencies = (
			);
			name = RCTCustomDatePickerIOS;
			productName = RCTCustomDatePickerIOS;
			productReference = 80E764EF204CF4870072FFE3 /* libRCTCustomDatePickerIOS.a */;
			productType = "com.apple.product-type.library.static";
		};
/* End PBXNativeTarget section */

/* Begin PBXProject section */
		80E764E7204CF4870072FFE3 /* Project object */ = {
			isa = PBXProject;
			attributes = {
				LastUpgradeCheck = 0920;
				ORGANIZATIONNAME = "Danh DC";
				TargetAttributes = {
					80E764EE204CF4870072FFE3 = {
						CreatedOnToolsVersion = 9.2;
						ProvisioningStyle = Automatic;
					};
				};
			};
			buildConfigurationList = 80E764EA204CF4870072FFE3 /* Build configuration list for PBXProject "RCTCustomDatePickerIOS" */;
			compatibilityVersion = "Xcode 8.0";
			developmentRegion = en;
			hasScannedForEncodings = 0;
			knownRegions = (
				en,
			);
			mainGroup = 80E764E6204CF4870072FFE3;
			productRefGroup = 80E764F0204CF4870072FFE3 /* Products */;
			projectDirPath = "";
			projectRoot = "";
			targets = (
				80E764EE204CF4870072FFE3 /* RCTCustomDatePickerIOS */,
			);
		};
/* End PBXProject section */

/* Begin PBXSourcesBuildPhase section */
		80E764EB204CF4870072FFE3 /* Sources */ = {
			isa = PBXSourcesBuildPhase;
			buildActionMask = 2147483647;
			files = (
				80E7657E204D1CA30072FFE3 /* CustomDatePicker.m in Sources */,
				80E764F4204CF4870072FFE3 /* RCTCustomDatePickerIOS.m in Sources */,
			);
			runOnlyForDeploymentPostprocessing = 0;
		};
/* End PBXSourcesBuildPhase section */

/* Begin XCBuildConfiguration section */
		80E764F6204CF4870072FFE3 /* Debug */ = {
			isa = XCBuildConfiguration;
			buildSettings = {
				ALWAYS_SEARCH_USER_PATHS = NO;
				CLANG_ANALYZER_NONNULL = YES;
				CLANG_ANALYZER_NUMBER_OBJECT_CONVERSION = YES_AGGRESSIVE;
				CLANG_CXX_LANGUAGE_STANDARD = "gnu++14";
				CLANG_CXX_LIBRARY = "libc++";
				CLANG_ENABLE_MODULES = YES;
				CLANG_ENABLE_OBJC_ARC = YES;
				CLANG_WARN_BLOCK_CAPTURE_AUTORELEASING = YES;
				CLANG_WARN_BOOL_CONVERSION = YES;
				CLANG_WARN_COMMA = YES;
				CLANG_WARN_CONSTANT_CONVERSION = YES;
				CLANG_WARN_DIRECT_OBJC_ISA_USAGE = YES_ERROR;
				CLANG_WARN_DOCUMENTATION_COMMENTS = YES;
				CLANG_WARN_EMPTY_BODY = YES;
				CLANG_WARN_ENUM_CONVERSION = YES;
				CLANG_WARN_INFINITE_RECURSION = YES;
				CLANG_WARN_INT_CONVERSION = YES;
				CLANG_WARN_NON_LITERAL_NULL_CONVERSION = YES;
				CLANG_WARN_OBJC_LITERAL_CONVERSION = YES;
				CLANG_WARN_OBJC_ROOT_CLASS = YES_ERROR;
				CLANG_WARN_RANGE_LOOP_ANALYSIS = YES;
				CLANG_WARN_STRICT_PROTOTYPES = YES;
				CLANG_WARN_SUSPICIOUS_MOVE = YES;
				CLANG_WARN_UNGUARDED_AVAILABILITY = YES_AGGRESSIVE;
				CLANG_WARN_UNREACHABLE_CODE = YES;
				CLANG_WARN__DUPLICATE_METHOD_MATCH = YES;
				CODE_SIGN_IDENTITY = "iPhone Developer";
				COPY_PHASE_STRIP = NO;
				DEBUG_INFORMATION_FORMAT = dwarf;
				ENABLE_STRICT_OBJC_MSGSEND = YES;
				ENABLE_TESTABILITY = YES;
				GCC_C_LANGUAGE_STANDARD = gnu11;
				GCC_DYNAMIC_NO_PIC = NO;
				GCC_NO_COMMON_BLOCKS = YES;
				GCC_OPTIMIZATION_LEVEL = 0;
				GCC_PREPROCESSOR_DEFINITIONS = (
					"DEBUG=1",
					"$(inherited)",
				);
				GCC_WARN_64_TO_32_BIT_CONVERSION = YES;
				GCC_WARN_ABOUT_RETURN_TYPE = YES_ERROR;
				GCC_WARN_UNDECLARED_SELECTOR = YES;
				GCC_WARN_UNINITIALIZED_AUTOS = YES_AGGRESSIVE;
				GCC_WARN_UNUSED_FUNCTION = YES;
				GCC_WARN_UNUSED_VARIABLE = YES;
				IPHONEOS_DEPLOYMENT_TARGET = 11.2;
				MTL_ENABLE_DEBUG_INFO = YES;
				ONLY_ACTIVE_ARCH = YES;
				SDKROOT = iphoneos;
			};
			name = Debug;
		};
		80E764F7204CF4870072FFE3 /* Release */ = {
			isa = XCBuildConfiguration;
			buildSettings = {
				ALWAYS_SEARCH_USER_PATHS = NO;
				CLANG_ANALYZER_NONNULL = YES;
				CLANG_ANALYZER_NUMBER_OBJECT_CONVERSION = YES_AGGRESSIVE;
				CLANG_CXX_LANGUAGE_STANDARD = "gnu++14";
				CLANG_CXX_LIBRARY = "libc++";
				CLANG_ENABLE_MODULES = YES;
				CLANG_ENABLE_OBJC_ARC = YES;
				CLANG_WARN_BLOCK_CAPTURE_AUTORELEASING = YES;
				CLANG_WARN_BOOL_CONVERSION = YES;
				CLANG_WARN_COMMA = YES;
				CLANG_WARN_CONSTANT_CONVERSION = YES;
				CLANG_WARN_DIRECT_OBJC_ISA_USAGE = YES_ERROR;
				CLANG_WARN_DOCUMENTATION_COMMENTS = YES;
				CLANG_WARN_EMPTY_BODY = YES;
				CLANG_WARN_ENUM_CONVERSION = YES;
				CLANG_WARN_INFINITE_RECURSION = YES;
				CLANG_WARN_INT_CONVERSION = YES;
				CLANG_WARN_NON_LITERAL_NULL_CONVERSION = YES;
				CLANG_WARN_OBJC_LITERAL_CONVERSION = YES;
				CLANG_WARN_OBJC_ROOT_CLASS = YES_ERROR;
				CLANG_WARN_RANGE_LOOP_ANALYSIS = YES;
				CLANG_WARN_STRICT_PROTOTYPES = YES;
				CLANG_WARN_SUSPICIOUS_MOVE = YES;
				CLANG_WARN_UNGUARDED_AVAILABILITY = YES_AGGRESSIVE;
				CLANG_WARN_UNREACHABLE_CODE = YES;
				CLANG_WARN__DUPLICATE_METHOD_MATCH = YES;
				CODE_SIGN_IDENTITY = "iPhone Developer";
				COPY_PHASE_STRIP = NO;
				DEBUG_INFORMATION_FORMAT = "dwarf-with-dsym";
				ENABLE_NS_ASSERTIONS = NO;
				ENABLE_STRICT_OBJC_MSGSEND = YES;
				GCC_C_LANGUAGE_STANDARD = gnu11;
				GCC_NO_COMMON_BLOCKS = YES;
				GCC_WARN_64_TO_32_BIT_CONVERSION = YES;
				GCC_WARN_ABOUT_RETURN_TYPE = YES_ERROR;
				GCC_WARN_UNDECLARED_SELECTOR = YES;
				GCC_WARN_UNINITIALIZED_AUTOS = YES_AGGRESSIVE;
				GCC_WARN_UNUSED_FUNCTION = YES;
				GCC_WARN_UNUSED_VARIABLE = YES;
				IPHONEOS_DEPLOYMENT_TARGET = 11.2;
				MTL_ENABLE_DEBUG_INFO = NO;
				SDKROOT = iphoneos;
				VALIDATE_PRODUCT = YES;
			};
			name = Release;
		};
		80E764F9204CF4870072FFE3 /* Debug */ = {
			isa = XCBuildConfiguration;
			buildSettings = {
				CODE_SIGN_STYLE = Automatic;
				LIBRARY_SEARCH_PATHS = (
					"$(inherited)",
					"$(PROJECT_DIR)",
				);
				OTHER_LDFLAGS = "-ObjC";
				PRODUCT_NAME = "$(TARGET_NAME)";
				SKIP_INSTALL = YES;
				TARGETED_DEVICE_FAMILY = "1,2";
			};
			name = Debug;
		};
		80E764FA204CF4870072FFE3 /* Release */ = {
			isa = XCBuildConfiguration;
			buildSettings = {
				CODE_SIGN_STYLE = Automatic;
				LIBRARY_SEARCH_PATHS = (
					"$(inherited)",
					"$(PROJECT_DIR)",
				);
				OTHER_LDFLAGS = "-ObjC";
				PRODUCT_NAME = "$(TARGET_NAME)";
				SKIP_INSTALL = YES;
				TARGETED_DEVICE_FAMILY = "1,2";
			};
			name = Release;
		};
/* End XCBuildConfiguration section */

/* Begin XCConfigurationList section */
		80E764EA204CF4870072FFE3 /* Build configuration list for PBXProject "RCTCustomDatePickerIOS" */ = {
			isa = XCConfigurationList;
			buildConfigurations = (
				80E764F6204CF4870072FFE3 /* Debug */,
				80E764F7204CF4870072FFE3 /* Release */,
			);
			defaultConfigurationIsVisible = 0;
			defaultConfigurationName = Release;
		};
		80E764F8204CF4870072FFE3 /* Build configuration list for PBXNativeTarget "RCTCustomDatePickerIOS" */ = {
			isa = XCConfigurationList;
			buildConfigurations = (
				80E764F9204CF4870072FFE3 /* Debug */,
				80E764FA204CF4870072FFE3 /* Release */,
			);
			defaultConfigurationIsVisible = 0;
			defaultConfigurationName = Release;
		};
/* End XCConfigurationList section */
	};
	rootObject = 80E764E7204CF4870072FFE3 /* Project object */;
}
